
Microsoft Visual Studio Solution File, Format Version 12.00
# Visual Studio Version 16
VisualStudioVersion = 16.0.30128.74
MinimumVisualStudioVersion = 10.0.40219.1
Project("{FAE04EC0-301F-11D3-BF4B-00C04F79EFBC}") = "12Months", "12Months.csproj", "{D58AFE99-0AC0-407F-AAFC-73FBB6AB35A2}"
EndProject
Global
	GlobalSection(SolutionConfigurationPlatforms) = preSolution
		Debug|Any CPU = Debug|Any CPU
		Release|Any CPU = Release|Any CPU
	EndGlobalSection
	GlobalSection(ProjectConfigurationPlatforms) = postSolution
		{D58AFE99-0AC0-407F-AAFC-73FBB6AB35A2}.Debug|Any CPU.ActiveCfg = Debug|Any CPU
		{D58AFE99-0AC0-407F-AAFC-73FBB6AB35A2}.Debug|Any CPU.Build.0 = Debug|Any CPU
		{D58AFE99-0AC0-407F-AAFC-73FBB6AB35A2}.Release|Any CPU.ActiveCfg = Release|Any CPU
		{D58AFE99-0AC0-407F-AAFC-73FBB6AB35A2}.Release|Any CPU.Build.0 = Release|Any CPU
	EndGlobalSection
	GlobalSection(SolutionProperties) = preSolution
		HideSolutionNode = FALSE
	EndGlobalSection
	GlobalSection(ExtensibilityGlobals) = postSolution
		SolutionGuid = {A44D5670-33DC-4E69-881E-69DC3E29F6BD}
	EndGlobalSection
EndGlobal
